
Microsoft Visual Studio Solution File, Format Version 12.00
# Visual Studio Version 16
VisualStudioVersion = 16.0.30621.155
MinimumVisualStudioVersion = 10.0.40219.1
Project("{FAE04EC0-301F-11D3-BF4B-00C04F79EFBC}") = "Симулятор генетики 4", "Симулятор генетики 4.csproj", "{F441420E-F63D-4416-88F2-6BB09AC7514B}"
EndProject
Global
	GlobalSection(SolutionConfigurationPlatforms) = preSolution
		Debug|Any CPU = Debug|Any CPU
		Release|Any CPU = Release|Any CPU
	EndGlobalSection
	GlobalSection(ProjectConfigurationPlatforms) = postSolution
		{F441420E-F63D-4416-88F2-6BB09AC7514B}.Debug|Any CPU.ActiveCfg = Debug|Any CPU
		{F441420E-F63D-4416-88F2-6BB09AC7514B}.Debug|Any CPU.Build.0 = Debug|Any CPU
		{F441420E-F63D-4416-88F2-6BB09AC7514B}.Release|Any CPU.ActiveCfg = Release|Any CPU
		{F441420E-F63D-4416-88F2-6BB09AC7514B}.Release|Any CPU.Build.0 = Release|Any CPU
	EndGlobalSection
	GlobalSection(SolutionProperties) = preSolution
		HideSolutionNode = FALSE
	EndGlobalSection
	GlobalSection(ExtensibilityGlobals) = postSolution
		SolutionGuid = {C48B4C84-36E5-4EA4-BCA6-91CC236D4677}
	EndGlobalSection
EndGlobal
